
Microsoft Visual Studio Solution File, Format Version 12.00
# Visual Studio 15
VisualStudioVersion = 15.0.28307.539
MinimumVisualStudioVersion = 10.0.40219.1
Project("{8BC9CEB8-8B4A-11D0-8D11-00A0C91BC942}") = "GetHashValue", "GetHashValue\GetHashValue.vcxproj", "{9CA20B48-86E2-463C-93F9-381617B05ACD}"
EndProject
Project("{8BC9CEB8-8B4A-11D0-8D11-00A0C91BC942}") = "Timer", "Timer\Timer.vcxproj", "{D9AB9095-20BD-41CC-8E43-DE0E04A3102B}"
EndProject
Project("{8BC9CEB8-8B4A-11D0-8D11-00A0C91BC942}") = "FileEncryption", "FileEncryption\FileEncryption.vcxproj", "{8346440D-D157-4271-BBF7-F25D4ED9E6F2}"
EndProject
Project("{8BC9CEB8-8B4A-11D0-8D11-00A0C91BC942}") = "FileDecryption", "FileDecryption\FileDecryption.vcxproj", "{399F7C8C-559E-44EA-8749-4EDF4F4F4887}"
EndProject
Project("{8BC9CEB8-8B4A-11D0-8D11-00A0C91BC942}") = "RegCreate", "RegCreate\RegCreate.vcxproj", "{F62426E0-9AA8-426D-8DFE-5D461F49E467}"
EndProject
Global
	GlobalSection(SolutionConfigurationPlatforms) = preSolution
		Debug|x64 = Debug|x64
		Debug|x86 = Debug|x86
		Release|x64 = Release|x64
		Release|x86 = Release|x86
	EndGlobalSection
	GlobalSection(ProjectConfigurationPlatforms) = postSolution
		{9CA20B48-86E2-463C-93F9-381617B05ACD}.Debug|x64.ActiveCfg = Debug|x64
		{9CA20B48-86E2-463C-93F9-381617B05ACD}.Debug|x64.Build.0 = Debug|x64
		{9CA20B48-86E2-463C-93F9-381617B05ACD}.Debug|x86.ActiveCfg = Debug|Win32
		{9CA20B48-86E2-463C-93F9-381617B05ACD}.Debug|x86.Build.0 = Debug|Win32
		{9CA20B48-86E2-463C-93F9-381617B05ACD}.Release|x64.ActiveCfg = Release|x64
		{9CA20B48-86E2-463C-93F9-381617B05ACD}.Release|x64.Build.0 = Release|x64
		{9CA20B48-86E2-463C-93F9-381617B05ACD}.Release|x86.ActiveCfg = Release|Win32
		{9CA20B48-86E2-463C-93F9-381617B05ACD}.Release|x86.Build.0 = Release|Win32
		{D9AB9095-20BD-41CC-8E43-DE0E04A3102B}.Debug|x64.ActiveCfg = Debug|x64
		{D9AB9095-20BD-41CC-8E43-DE0E04A3102B}.Debug|x64.Build.0 = Debug|x64
		{D9AB9095-20BD-41CC-8E43-DE0E04A3102B}.Debug|x86.ActiveCfg = Debug|Win32
		{D9AB9095-20BD-41CC-8E43-DE0E04A3102B}.Debug|x86.Build.0 = Debug|Win32
		{D9AB9095-20BD-41CC-8E43-DE0E04A3102B}.Release|x64.ActiveCfg = Release|x64
		{D9AB9095-20BD-41CC-8E43-DE0E04A3102B}.Release|x64.Build.0 = Release|x64
		{D9AB9095-20BD-41CC-8E43-DE0E04A3102B}.Release|x86.ActiveCfg = Release|Win32
		{D9AB9095-20BD-41CC-8E43-DE0E04A3102B}.Release|x86.Build.0 = Release|Win32
		{8346440D-D157-4271-BBF7-F25D4ED9E6F2}.Debug|x64.ActiveCfg = Debug|x64
		{8346440D-D157-4271-BBF7-F25D4ED9E6F2}.Debug|x64.Build.0 = Debug|x64
		{8346440D-D157-4271-BBF7-F25D4ED9E6F2}.Debug|x86.ActiveCfg = Debug|Win32
		{8346440D-D157-4271-BBF7-F25D4ED9E6F2}.Debug|x86.Build.0 = Debug|Win32
		{8346440D-D157-4271-BBF7-F25D4ED9E6F2}.Release|x64.ActiveCfg = Release|x64
		{8346440D-D157-4271-BBF7-F25D4ED9E6F2}.Release|x64.Build.0 = Release|x64
		{8346440D-D157-4271-BBF7-F25D4ED9E6F2}.Release|x86.ActiveCfg = Release|Win32
		{8346440D-D157-4271-BBF7-F25D4ED9E6F2}.Release|x86.Build.0 = Release|Win32
		{399F7C8C-559E-44EA-8749-4EDF4F4F4887}.Debug|x64.ActiveCfg = Debug|x64
		{399F7C8C-559E-44EA-8749-4EDF4F4F4887}.Debug|x64.Build.0 = Debug|x64
		{399F7C8C-559E-44EA-8749-4EDF4F4F4887}.Debug|x86.ActiveCfg = Debug|Win32
		{399F7C8C-559E-44EA-8749-4EDF4F4F4887}.Debug|x86.Build.0 = Debug|Win32
		{399F7C8C-559E-44EA-8749-4EDF4F4F4887}.Release|x64.ActiveCfg = Release|x64
		{399F7C8C-559E-44EA-8749-4EDF4F4F4887}.Release|x64.Build.0 = Release|x64
		{399F7C8C-559E-44EA-8749-4EDF4F4F4887}.Release|x86.ActiveCfg = Release|Win32
		{399F7C8C-559E-44EA-8749-4EDF4F4F4887}.Release|x86.Build.0 = Release|Win32
		{F62426E0-9AA8-426D-8DFE-5D461F49E467}.Debug|x64.ActiveCfg = Debug|x64
		{F62426E0-9AA8-426D-8DFE-5D461F49E467}.Debug|x64.Build.0 = Debug|x64
		{F62426E0-9AA8-426D-8DFE-5D461F49E467}.Debug|x86.ActiveCfg = Debug|Win32
		{F62426E0-9AA8-426D-8DFE-5D461F49E467}.Debug|x86.Build.0 = Debug|Win32
		{F62426E0-9AA8-426D-8DFE-5D461F49E467}.Release|x64.ActiveCfg = Release|x64
		{F62426E0-9AA8-426D-8DFE-5D461F49E467}.Release|x64.Build.0 = Release|x64
		{F62426E0-9AA8-426D-8DFE-5D461F49E467}.Release|x86.ActiveCfg = Release|Win32
		{F62426E0-9AA8-426D-8DFE-5D461F49E467}.Release|x86.Build.0 = Release|Win32
	EndGlobalSection
	GlobalSection(SolutionProperties) = preSolution
		HideSolutionNode = FALSE
	EndGlobalSection
	GlobalSection(ExtensibilityGlobals) = postSolution
		SolutionGuid = {DAA09C39-C923-41C7-BF46-7CB2F9DF8D71}
	EndGlobalSection
EndGlobal
